{
  "name": "BrainBeatsV5",
  "lockfileVersion": 3,
  "requires": true,
  "packages": {
    "": {
      "dependencies": {
        "@types/dom-serial": "^1.0.3",
        "tonejs-instrument-flute-mp3": "^1.1.2"
      }
    },
    "node_modules/@babel/runtime": {
      "version": "7.24.0",
      "resolved": "https://registry.npmjs.org/@babel/runtime/-/runtime-7.24.0.tgz",
      "integrity": "sha512-Chk32uHMg6TnQdvw2e9IlqPpFX/6NLuK0Ys2PqLb7/gL5uFn9mXvK715FGLlOLQrcO4qIkNHkvPGktzzXexsFw==",
      "peer": true,
      "dependencies": {
        "regenerator-runtime": "^0.14.0"
      },
      "engines": {
        "node": ">=6.9.0"
      }
    },
    "node_modules/@types/dom-serial": {
      "version": "1.0.3",
      "resolved": "https://registry.npmjs.org/@types/dom-serial/-/dom-serial-1.0.3.tgz",
      "integrity": "sha512-iuuXTHSUQfosDJTN3AxTHfYtDZVehzAc07P0d6Y6/D0mNMoAzSQcAB8cf3glzH8MfMpZx8JDQv9C+PBpILVI3g=="
    },
    "node_modules/automation-events": {
      "version": "7.0.1",
      "resolved": "https://registry.npmjs.org/automation-events/-/automation-events-7.0.1.tgz",
      "integrity": "sha512-Fmwxv+L19DdpGSrnXVHfFnEqhPFnGBMP3aZNvogDmgRu9nVCgh0iycb3bRcklYkd0FBp+khGk+JeVYcBx0Yzdg==",
      "peer": true,
      "dependencies": {
        "@babel/runtime": "^7.24.0",
        "tslib": "^2.6.2"
      },
      "engines": {
        "node": ">=18.2.0"
      }
    },
    "node_modules/regenerator-runtime": {
      "version": "0.14.1",
      "resolved": "https://registry.npmjs.org/regenerator-runtime/-/regenerator-runtime-0.14.1.tgz",
      "integrity": "sha512-dYnhHh0nJoMfnkZs6GmmhFknAGRrLznOu5nc9ML+EJxGvrx6H7teuevqVqCuPcPK//3eDrrjQhehXVx9cnkGdw==",
      "peer": true
    },
    "node_modules/standardized-audio-context": {
      "version": "25.3.66",
      "resolved": "https://registry.npmjs.org/standardized-audio-context/-/standardized-audio-context-25.3.66.tgz",
      "integrity": "sha512-5GkDUPiJp+7bdDMRQ/yE2cNtfHUaOVNzaajtAfrAhOqEwxYu7kRIAfn3SoY5vkpsXPx9mmn7lATry0n5bUtRGw==",
      "peer": true,
      "dependencies": {
        "@babel/runtime": "^7.24.0",
        "automation-events": "^7.0.1",
        "tslib": "^2.6.2"
      }
    },
    "node_modules/tone": {
      "version": "14.7.77",
      "resolved": "https://registry.npmjs.org/tone/-/tone-14.7.77.tgz",
      "integrity": "sha512-tCfK73IkLHyzoKUvGq47gyDyxiKLFvKiVCOobynGgBB9Dl0NkxTM2p+eRJXyCYrjJwy9Y0XCMqD3uOYsYt2Fdg==",
      "peer": true,
      "dependencies": {
        "standardized-audio-context": "^25.1.8",
        "tslib": "^2.0.1"
      }
    },
    "node_modules/tonejs-instrument-flute-mp3": {
      "version": "1.1.2",
      "resolved": "https://registry.npmjs.org/tonejs-instrument-flute-mp3/-/tonejs-instrument-flute-mp3-1.1.2.tgz",
      "integrity": "sha512-Uao4DCUYMjAiQHVDryjDT/hIn/zkVGNETwlyrojTGGVZhKBVv/2TzRFq8m/5H8Qj7OLUuBXTPYW1pQFfOj67Jg==",
      "peerDependencies": {
        "tone": "^14.7.77"
      }
    },
    "node_modules/tslib": {
      "version": "2.6.2",
      "resolved": "https://registry.npmjs.org/tslib/-/tslib-2.6.2.tgz",
      "integrity": "sha512-AEYxH93jGFPn/a2iVAwW87VuUIkR1FVUKB77NwMF7nBTDkDrrT/Hpt/IrCJ0QXhW27jTBDcf5ZY7w6RiqTMw2Q==",
      "peer": true
    }
  }
}
